
Microsoft Visual Studio Solution File, Format Version 12.00
# Visual Studio Version 17
VisualStudioVersion = 17.8.34511.84
MinimumVisualStudioVersion = 10.0.40219.1
Project("{FAE04EC0-301F-11D3-BF4B-00C04F79EFBC}") = "RatingSystem_Demo", "RatingSystem_Demo\RatingSystem_Demo.csproj", "{50BC9FAD-123F-429B-810C-3811A83BBB6D}"
EndProject
Project("{00D1A9C2-B5F0-4AF3-8072-F6C62B433612}") = "RatingSystem.database", "RatingSystem.database\RatingSystem.database.sqlproj", "{51534C6B-73D5-42FB-92DB-709CFA205884}"
EndProject
Global
	GlobalSection(SolutionConfigurationPlatforms) = preSolution
		Debug|Any CPU = Debug|Any CPU
		Release|Any CPU = Release|Any CPU
	EndGlobalSection
	GlobalSection(ProjectConfigurationPlatforms) = postSolution
		{50BC9FAD-123F-429B-810C-3811A83BBB6D}.Debug|Any CPU.ActiveCfg = Debug|Any CPU
		{50BC9FAD-123F-429B-810C-3811A83BBB6D}.Debug|Any CPU.Build.0 = Debug|Any CPU
		{50BC9FAD-123F-429B-810C-3811A83BBB6D}.Release|Any CPU.ActiveCfg = Release|Any CPU
		{50BC9FAD-123F-429B-810C-3811A83BBB6D}.Release|Any CPU.Build.0 = Release|Any CPU
		{51534C6B-73D5-42FB-92DB-709CFA205884}.Debug|Any CPU.ActiveCfg = Debug|Any CPU
		{51534C6B-73D5-42FB-92DB-709CFA205884}.Debug|Any CPU.Build.0 = Debug|Any CPU
		{51534C6B-73D5-42FB-92DB-709CFA205884}.Debug|Any CPU.Deploy.0 = Debug|Any CPU
		{51534C6B-73D5-42FB-92DB-709CFA205884}.Release|Any CPU.ActiveCfg = Release|Any CPU
		{51534C6B-73D5-42FB-92DB-709CFA205884}.Release|Any CPU.Build.0 = Release|Any CPU
		{51534C6B-73D5-42FB-92DB-709CFA205884}.Release|Any CPU.Deploy.0 = Release|Any CPU
	EndGlobalSection
	GlobalSection(SolutionProperties) = preSolution
		HideSolutionNode = FALSE
	EndGlobalSection
	GlobalSection(ExtensibilityGlobals) = postSolution
		SolutionGuid = {77E58982-0813-404E-B2BD-39462908A11D}
	EndGlobalSection
EndGlobal
